// !$*UTF8*$!
{
	archiveVersion = 1;
	classes = {
	};
	objectVersion = 46;
	objects = {

/* Begin PBXBuildFile section */
		E4328149138ABC9F0047C5CB /* openFrameworksDebug.a in Frameworks */ = {isa = PBXBuildFile; fileRef = E4328148138ABC890047C5CB /* openFrameworksDebug.a */; };
		E4E5B6AB1C7FA78C00064968 /* README.md in Sources */ = {isa = PBXBuildFile; fileRef = E4E5B6881C7FA78C00064968 /* README.md */; };
		E4E5B6AC1C7FA78C00064968 /* ofxFpsPlotter.cpp in Sources */ = {isa = PBXBuildFile; fileRef = E4E5B68A1C7FA78C00064968 /* ofxFpsPlotter.cpp */; };
		E4E5B6AD1C7FA78C00064968 /* ofxGuiBaseDraws.cpp in Sources */ = {isa = PBXBuildFile; fileRef = E4E5B68C1C7FA78C00064968 /* ofxGuiBaseDraws.cpp */; };
		E4E5B6AE1C7FA78C00064968 /* ofxGuiGroupExtended.cpp in Sources */ = {isa = PBXBuildFile; fileRef = E4E5B68F1C7FA78C00064968 /* ofxGuiGroupExtended.cpp */; };
		E4E5B6AF1C7FA78C00064968 /* ofxGuiMatrix.cpp in Sources */ = {isa = PBXBuildFile; fileRef = E4E5B6911C7FA78C00064968 /* ofxGuiMatrix.cpp */; };
		E4E5B6B01C7FA78C00064968 /* ofxGuiPage.cpp in Sources */ = {isa = PBXBuildFile; fileRef = E4E5B6931C7FA78C00064968 /* ofxGuiPage.cpp */; };
		E4E5B6B11C7FA78C00064968 /* ofxGuiSpacer.cpp in Sources */ = {isa = PBXBuildFile; fileRef = E4E5B6951C7FA78C00064968 /* ofxGuiSpacer.cpp */; };
		E4E5B6B21C7FA78C00064968 /* ofxGuiZoomableBaseDraws.cpp in Sources */ = {isa = PBXBuildFile; fileRef = E4E5B6971C7FA78C00064968 /* ofxGuiZoomableBaseDraws.cpp */; };
		E4E5B6B31C7FA78C00064968 /* ofxLabelExtended.cpp in Sources */ = {isa = PBXBuildFile; fileRef = E4E5B6991C7FA78C00064968 /* ofxLabelExtended.cpp */; };
		E4E5B6B41C7FA78C00064968 /* ofxMasterSlaveControl.cpp in Sources */ = {isa = PBXBuildFile; fileRef = E4E5B69B1C7FA78C00064968 /* ofxMasterSlaveControl.cpp */; };
		E4E5B6B51C7FA78C00064968 /* ofxMinimalButton.cpp in Sources */ = {isa = PBXBuildFile; fileRef = E4E5B69D1C7FA78C00064968 /* ofxMinimalButton.cpp */; };
		E4E5B6B61C7FA78C00064968 /* ofxMinimalToggle.cpp in Sources */ = {isa = PBXBuildFile; fileRef = E4E5B69F1C7FA78C00064968 /* ofxMinimalToggle.cpp */; };
		E4E5B6B71C7FA78C00064968 /* ofxPanelExtended.cpp in Sources */ = {isa = PBXBuildFile; fileRef = E4E5B6A11C7FA78C00064968 /* ofxPanelExtended.cpp */; };
		E4E5B6B81C7FA78C00064968 /* ofxRotarySlider.cpp in Sources */ = {isa = PBXBuildFile; fileRef = E4E5B6A31C7FA78C00064968 /* ofxRotarySlider.cpp */; };
		E4E5B6B91C7FA78C00064968 /* ofxTabbedPages.cpp in Sources */ = {isa = PBXBuildFile; fileRef = E4E5B6A51C7FA78C00064968 /* ofxTabbedPages.cpp */; };
		E4E5B6BA1C7FA78C00064968 /* ofxValuePlotter.cpp in Sources */ = {isa = PBXBuildFile; fileRef = E4E5B6A71C7FA78C00064968 /* ofxValuePlotter.cpp */; };
		E4E5B6BB1C7FA78C00064968 /* ofxVerticalSlider.cpp in Sources */ = {isa = PBXBuildFile; fileRef = E4E5B6A91C7FA78C00064968 /* ofxVerticalSlider.cpp */; };
		E4E5B6CF1C7FA81F00064968 /* ofxBaseGui.cpp in Sources */ = {isa = PBXBuildFile; fileRef = E4E5B6BE1C7FA81F00064968 /* ofxBaseGui.cpp */; };
		E4E5B6D01C7FA81F00064968 /* ofxButton.cpp in Sources */ = {isa = PBXBuildFile; fileRef = E4E5B6C01C7FA81F00064968 /* ofxButton.cpp */; };
		E4E5B6D11C7FA81F00064968 /* ofxGuiGroup.cpp in Sources */ = {isa = PBXBuildFile; fileRef = E4E5B6C31C7FA81F00064968 /* ofxGuiGroup.cpp */; };
		E4E5B6D21C7FA81F00064968 /* ofxLabel.cpp in Sources */ = {isa = PBXBuildFile; fileRef = E4E5B6C51C7FA81F00064968 /* ofxLabel.cpp */; };
		E4E5B6D31C7FA81F00064968 /* ofxPanel.cpp in Sources */ = {isa = PBXBuildFile; fileRef = E4E5B6C71C7FA81F00064968 /* ofxPanel.cpp */; };
		E4E5B6D41C7FA81F00064968 /* ofxSlider.cpp in Sources */ = {isa = PBXBuildFile; fileRef = E4E5B6C91C7FA81F00064968 /* ofxSlider.cpp */; };
		E4E5B6D51C7FA81F00064968 /* ofxSliderGroup.cpp in Sources */ = {isa = PBXBuildFile; fileRef = E4E5B6CB1C7FA81F00064968 /* ofxSliderGroup.cpp */; };
		E4E5B6D61C7FA81F00064968 /* ofxToggle.cpp in Sources */ = {isa = PBXBuildFile; fileRef = E4E5B6CD1C7FA81F00064968 /* ofxToggle.cpp */; };
		E4EC234B1C28535B00E06DC5 /* main.cpp in Sources */ = {isa = PBXBuildFile; fileRef = E4EC23481C28535B00E06DC5 /* main.cpp */; };
		E4EC234C1C28535B00E06DC5 /* MainApp.cpp in Sources */ = {isa = PBXBuildFile; fileRef = E4EC23491C28535B00E06DC5 /* MainApp.cpp */; };
		E4EEF6CD1C833AF000F2A323 /* Engine.cpp in Sources */ = {isa = PBXBuildFile; fileRef = E4EEF6BC1C833AF000F2A323 /* Engine.cpp */; };
		E4EEF6CE1C833AF000F2A323 /* Character.cpp in Sources */ = {isa = PBXBuildFile; fileRef = E4EEF6BF1C833AF000F2A323 /* Character.cpp */; };
		E4EEF6CF1C833AF000F2A323 /* Function.cpp in Sources */ = {isa = PBXBuildFile; fileRef = E4EEF6C11C833AF000F2A323 /* Function.cpp */; };
		E4EEF6D01C833AF000F2A323 /* MainFunction.cpp in Sources */ = {isa = PBXBuildFile; fileRef = E4EEF6C31C833AF000F2A323 /* MainFunction.cpp */; };
		E4EEF6D11C833AF000F2A323 /* Type.cpp in Sources */ = {isa = PBXBuildFile; fileRef = E4EEF6C51C833AF000F2A323 /* Type.cpp */; };
		E4EEF6D21C833AF000F2A323 /* ModuleType.cpp in Sources */ = {isa = PBXBuildFile; fileRef = E4EEF6C81C833AF000F2A323 /* ModuleType.cpp */; };
		E4EEF6D31C833AF000F2A323 /* NumberType.cpp in Sources */ = {isa = PBXBuildFile; fileRef = E4EEF6CA1C833AF000F2A323 /* NumberType.cpp */; };
		E4EEF6D61C8344EC00F2A323 /* BufferType.cpp in Sources */ = {isa = PBXBuildFile; fileRef = E4EEF6D41C8344EC00F2A323 /* BufferType.cpp */; };
		E4EEF6DE1C8349F200F2A323 /* ModuleFunction.cpp in Sources */ = {isa = PBXBuildFile; fileRef = E4EEF6DC1C8349F200F2A323 /* ModuleFunction.cpp */; };
		E4EEF6E11C834A0400F2A323 /* BufferFunction.cpp in Sources */ = {isa = PBXBuildFile; fileRef = E4EEF6DF1C834A0400F2A323 /* BufferFunction.cpp */; };
		E4EEF6E41C83BE5F00F2A323 /* Module.cpp in Sources */ = {isa = PBXBuildFile; fileRef = E4EEF6E21C83BE5F00F2A323 /* Module.cpp */; };
		E4EEF6E51C83DF7C00F2A323 /* BasicModules.cpp in Sources */ = {isa = PBXBuildFile; fileRef = E4E5B6721C7F9EFB00064968 /* BasicModules.cpp */; };
/* End PBXBuildFile section */

/* Begin PBXContainerItemProxy section */
		E4328147138ABC890047C5CB /* PBXContainerItemProxy */ = {
			isa = PBXContainerItemProxy;
			containerPortal = E4328143138ABC890047C5CB /* openFrameworksLib.xcodeproj */;
			proxyType = 2;
			remoteGlobalIDString = E4B27C1510CBEB8E00536013;
			remoteInfo = openFrameworks;
		};
		E4EEB9AB138B136A00A80321 /* PBXContainerItemProxy */ = {
			isa = PBXContainerItemProxy;
			containerPortal = E4328143138ABC890047C5CB /* openFrameworksLib.xcodeproj */;
			proxyType = 1;
			remoteGlobalIDString = E4B27C1410CBEB8E00536013;
			remoteInfo = openFrameworks;
		};
/* End PBXContainerItemProxy section */

/* Begin PBXCopyFilesBuildPhase section */
		E4C2427710CC5ABF004149E2 /* CopyFiles */ = {
			isa = PBXCopyFilesBuildPhase;
			buildActionMask = 2147483647;
			dstPath = "";
			dstSubfolderSpec = 10;
			files = (
			);
			runOnlyForDeploymentPostprocessing = 0;
		};
/* End PBXCopyFilesBuildPhase section */

/* Begin PBXFileReference section */
		E4328143138ABC890047C5CB /* openFrameworksLib.xcodeproj */ = {isa = PBXFileReference; lastKnownFileType = "wrapper.pb-project"; name = openFrameworksLib.xcodeproj; path = ../../../libs/openFrameworksCompiled/project/osx/openFrameworksLib.xcodeproj; sourceTree = SOURCE_ROOT; };
		E4B69B5B0A3A1756003C02F2 /* BassLive 2.0Debug.app */ = {isa = PBXFileReference; explicitFileType = wrapper.application; includeInIndex = 0; path = "BassLive 2.0Debug.app"; sourceTree = BUILT_PRODUCTS_DIR; };
		E4B6FCAD0C3E899E008CF71C /* openFrameworks-Info.plist */ = {isa = PBXFileReference; fileEncoding = 30; lastKnownFileType = text.plist.xml; path = "openFrameworks-Info.plist"; sourceTree = "<group>"; };
		E4E5B6721C7F9EFB00064968 /* BasicModules.cpp */ = {isa = PBXFileReference; fileEncoding = 4; lastKnownFileType = sourcecode.cpp.cpp; path = BasicModules.cpp; sourceTree = "<group>"; };
		E4E5B6731C7F9EFB00064968 /* BasicModules.hpp */ = {isa = PBXFileReference; fileEncoding = 4; lastKnownFileType = sourcecode.cpp.h; path = BasicModules.hpp; sourceTree = "<group>"; };
		E4E5B6741C7F9EFB00064968 /* Modules.h */ = {isa = PBXFileReference; fileEncoding = 4; lastKnownFileType = sourcecode.c.h; path = Modules.h; sourceTree = "<group>"; };
		E4E5B6881C7FA78C00064968 /* README.md */ = {isa = PBXFileReference; fileEncoding = 4; lastKnownFileType = net.daringfireball.markdown; path = README.md; sourceTree = "<group>"; };
		E4E5B68A1C7FA78C00064968 /* ofxFpsPlotter.cpp */ = {isa = PBXFileReference; fileEncoding = 4; lastKnownFileType = sourcecode.cpp.cpp; path = ofxFpsPlotter.cpp; sourceTree = "<group>"; };
		E4E5B68B1C7FA78C00064968 /* ofxFpsPlotter.h */ = {isa = PBXFileReference; fileEncoding = 4; lastKnownFileType = sourcecode.c.h; path = ofxFpsPlotter.h; sourceTree = "<group>"; };
		E4E5B68C1C7FA78C00064968 /* ofxGuiBaseDraws.cpp */ = {isa = PBXFileReference; fileEncoding = 4; lastKnownFileType = sourcecode.cpp.cpp; path = ofxGuiBaseDraws.cpp; sourceTree = "<group>"; };
		E4E5B68D1C7FA78C00064968 /* ofxGuiBaseDraws.h */ = {isa = PBXFileReference; fileEncoding = 4; lastKnownFileType = sourcecode.c.h; path = ofxGuiBaseDraws.h; sourceTree = "<group>"; };
		E4E5B68E1C7FA78C00064968 /* ofxGuiExtended.h */ = {isa = PBXFileReference; fileEncoding = 4; lastKnownFileType = sourcecode.c.h; path = ofxGuiExtended.h; sourceTree = "<group>"; };
		E4E5B68F1C7FA78C00064968 /* ofxGuiGroupExtended.cpp */ = {isa = PBXFileReference; fileEncoding = 4; lastKnownFileType = sourcecode.cpp.cpp; path = ofxGuiGroupExtended.cpp; sourceTree = "<group>"; };
		E4E5B6901C7FA78C00064968 /* ofxGuiGroupExtended.h */ = {isa = PBXFileReference; fileEncoding = 4; lastKnownFileType = sourcecode.c.h; path = ofxGuiGroupExtended.h; sourceTree = "<group>"; };
		E4E5B6911C7FA78C00064968 /* ofxGuiMatrix.cpp */ = {isa = PBXFileReference; fileEncoding = 4; lastKnownFileType = sourcecode.cpp.cpp; path = ofxGuiMatrix.cpp; sourceTree = "<group>"; };
		E4E5B6921C7FA78C00064968 /* ofxGuiMatrix.h */ = {isa = PBXFileReference; fileEncoding = 4; lastKnownFileType = sourcecode.c.h; path = ofxGuiMatrix.h; sourceTree = "<group>"; };
		E4E5B6931C7FA78C00064968 /* ofxGuiPage.cpp */ = {isa = PBXFileReference; fileEncoding = 4; lastKnownFileType = sourcecode.cpp.cpp; path = ofxGuiPage.cpp; sourceTree = "<group>"; };
		E4E5B6941C7FA78C00064968 /* ofxGuiPage.h */ = {isa = PBXFileReference; fileEncoding = 4; lastKnownFileType = sourcecode.c.h; path = ofxGuiPage.h; sourceTree = "<group>"; };
		E4E5B6951C7FA78C00064968 /* ofxGuiSpacer.cpp */ = {isa = PBXFileReference; fileEncoding = 4; lastKnownFileType = sourcecode.cpp.cpp; path = ofxGuiSpacer.cpp; sourceTree = "<group>"; };
		E4E5B6961C7FA78C00064968 /* ofxGuiSpacer.h */ = {isa = PBXFileReference; fileEncoding = 4; lastKnownFileType = sourcecode.c.h; path = ofxGuiSpacer.h; sourceTree = "<group>"; };
		E4E5B6971C7FA78C00064968 /* ofxGuiZoomableBaseDraws.cpp */ = {isa = PBXFileReference; fileEncoding = 4; lastKnownFileType = sourcecode.cpp.cpp; path = ofxGuiZoomableBaseDraws.cpp; sourceTree = "<group>"; };
		E4E5B6981C7FA78C00064968 /* ofxGuiZoomableBaseDraws.h */ = {isa = PBXFileReference; fileEncoding = 4; lastKnownFileType = sourcecode.c.h; path = ofxGuiZoomableBaseDraws.h; sourceTree = "<group>"; };
		E4E5B6991C7FA78C00064968 /* ofxLabelExtended.cpp */ = {isa = PBXFileReference; fileEncoding = 4; lastKnownFileType = sourcecode.cpp.cpp; path = ofxLabelExtended.cpp; sourceTree = "<group>"; };
		E4E5B69A1C7FA78C00064968 /* ofxLabelExtended.h */ = {isa = PBXFileReference; fileEncoding = 4; lastKnownFileType = sourcecode.c.h; path = ofxLabelExtended.h; sourceTree = "<group>"; };
		E4E5B69B1C7FA78C00064968 /* ofxMasterSlaveControl.cpp */ = {isa = PBXFileReference; fileEncoding = 4; lastKnownFileType = sourcecode.cpp.cpp; path = ofxMasterSlaveControl.cpp; sourceTree = "<group>"; };
		E4E5B69C1C7FA78C00064968 /* ofxMasterSlaveControl.h */ = {isa = PBXFileReference; fileEncoding = 4; lastKnownFileType = sourcecode.c.h; path = ofxMasterSlaveControl.h; sourceTree = "<group>"; };
		E4E5B69D1C7FA78C00064968 /* ofxMinimalButton.cpp */ = {isa = PBXFileReference; fileEncoding = 4; lastKnownFileType = sourcecode.cpp.cpp; path = ofxMinimalButton.cpp; sourceTree = "<group>"; };
		E4E5B69E1C7FA78C00064968 /* ofxMinimalButton.h */ = {isa = PBXFileReference; fileEncoding = 4; lastKnownFileType = sourcecode.c.h; path = ofxMinimalButton.h; sourceTree = "<group>"; };
		E4E5B69F1C7FA78C00064968 /* ofxMinimalToggle.cpp */ = {isa = PBXFileReference; fileEncoding = 4; lastKnownFileType = sourcecode.cpp.cpp; path = ofxMinimalToggle.cpp; sourceTree = "<group>"; };
		E4E5B6A01C7FA78C00064968 /* ofxMinimalToggle.h */ = {isa = PBXFileReference; fileEncoding = 4; lastKnownFileType = sourcecode.c.h; path = ofxMinimalToggle.h; sourceTree = "<group>"; };
		E4E5B6A11C7FA78C00064968 /* ofxPanelExtended.cpp */ = {isa = PBXFileReference; fileEncoding = 4; lastKnownFileType = sourcecode.cpp.cpp; path = ofxPanelExtended.cpp; sourceTree = "<group>"; };
		E4E5B6A21C7FA78C00064968 /* ofxPanelExtended.h */ = {isa = PBXFileReference; fileEncoding = 4; lastKnownFileType = sourcecode.c.h; path = ofxPanelExtended.h; sourceTree = "<group>"; };
		E4E5B6A31C7FA78C00064968 /* ofxRotarySlider.cpp */ = {isa = PBXFileReference; fileEncoding = 4; lastKnownFileType = sourcecode.cpp.cpp; path = ofxRotarySlider.cpp; sourceTree = "<group>"; };
		E4E5B6A41C7FA78C00064968 /* ofxRotarySlider.h */ = {isa = PBXFileReference; fileEncoding = 4; lastKnownFileType = sourcecode.c.h; path = ofxRotarySlider.h; sourceTree = "<group>"; };
		E4E5B6A51C7FA78C00064968 /* ofxTabbedPages.cpp */ = {isa = PBXFileReference; fileEncoding = 4; lastKnownFileType = sourcecode.cpp.cpp; path = ofxTabbedPages.cpp; sourceTree = "<group>"; };
		E4E5B6A61C7FA78C00064968 /* ofxTabbedPages.h */ = {isa = PBXFileReference; fileEncoding = 4; lastKnownFileType = sourcecode.c.h; path = ofxTabbedPages.h; sourceTree = "<group>"; };
		E4E5B6A71C7FA78C00064968 /* ofxValuePlotter.cpp */ = {isa = PBXFileReference; fileEncoding = 4; lastKnownFileType = sourcecode.cpp.cpp; path = ofxValuePlotter.cpp; sourceTree = "<group>"; };
		E4E5B6A81C7FA78C00064968 /* ofxValuePlotter.h */ = {isa = PBXFileReference; fileEncoding = 4; lastKnownFileType = sourcecode.c.h; path = ofxValuePlotter.h; sourceTree = "<group>"; };
		E4E5B6A91C7FA78C00064968 /* ofxVerticalSlider.cpp */ = {isa = PBXFileReference; fileEncoding = 4; lastKnownFileType = sourcecode.cpp.cpp; path = ofxVerticalSlider.cpp; sourceTree = "<group>"; };
		E4E5B6AA1C7FA78C00064968 /* ofxVerticalSlider.h */ = {isa = PBXFileReference; fileEncoding = 4; lastKnownFileType = sourcecode.c.h; path = ofxVerticalSlider.h; sourceTree = "<group>"; };
		E4E5B6BE1C7FA81F00064968 /* ofxBaseGui.cpp */ = {isa = PBXFileReference; fileEncoding = 4; lastKnownFileType = sourcecode.cpp.cpp; path = ofxBaseGui.cpp; sourceTree = "<group>"; };
		E4E5B6BF1C7FA81F00064968 /* ofxBaseGui.h */ = {isa = PBXFileReference; fileEncoding = 4; lastKnownFileType = sourcecode.c.h; path = ofxBaseGui.h; sourceTree = "<group>"; };
		E4E5B6C01C7FA81F00064968 /* ofxButton.cpp */ = {isa = PBXFileReference; fileEncoding = 4; lastKnownFileType = sourcecode.cpp.cpp; path = ofxButton.cpp; sourceTree = "<group>"; };
		E4E5B6C11C7FA81F00064968 /* ofxButton.h */ = {isa = PBXFileReference; fileEncoding = 4; lastKnownFileType = sourcecode.c.h; path = ofxButton.h; sourceTree = "<group>"; };
		E4E5B6C21C7FA81F00064968 /* ofxGui.h */ = {isa = PBXFileReference; fileEncoding = 4; lastKnownFileType = sourcecode.c.h; path = ofxGui.h; sourceTree = "<group>"; };
		E4E5B6C31C7FA81F00064968 /* ofxGuiGroup.cpp */ = {isa = PBXFileReference; fileEncoding = 4; lastKnownFileType = sourcecode.cpp.cpp; path = ofxGuiGroup.cpp; sourceTree = "<group>"; };
		E4E5B6C41C7FA81F00064968 /* ofxGuiGroup.h */ = {isa = PBXFileReference; fileEncoding = 4; lastKnownFileType = sourcecode.c.h; path = ofxGuiGroup.h; sourceTree = "<group>"; };
		E4E5B6C51C7FA81F00064968 /* ofxLabel.cpp */ = {isa = PBXFileReference; fileEncoding = 4; lastKnownFileType = sourcecode.cpp.cpp; path = ofxLabel.cpp; sourceTree = "<group>"; };
		E4E5B6C61C7FA81F00064968 /* ofxLabel.h */ = {isa = PBXFileReference; fileEncoding = 4; lastKnownFileType = sourcecode.c.h; path = ofxLabel.h; sourceTree = "<group>"; };
		E4E5B6C71C7FA81F00064968 /* ofxPanel.cpp */ = {isa = PBXFileReference; fileEncoding = 4; lastKnownFileType = sourcecode.cpp.cpp; path = ofxPanel.cpp; sourceTree = "<group>"; };
		E4E5B6C81C7FA81F00064968 /* ofxPanel.h */ = {isa = PBXFileReference; fileEncoding = 4; lastKnownFileType = sourcecode.c.h; path = ofxPanel.h; sourceTree = "<group>"; };
		E4E5B6C91C7FA81F00064968 /* ofxSlider.cpp */ = {isa = PBXFileReference; fileEncoding = 4; lastKnownFileType = sourcecode.cpp.cpp; path = ofxSlider.cpp; sourceTree = "<group>"; };
		E4E5B6CA1C7FA81F00064968 /* ofxSlider.h */ = {isa = PBXFileReference; fileEncoding = 4; lastKnownFileType = sourcecode.c.h; path = ofxSlider.h; sourceTree = "<group>"; };
		E4E5B6CB1C7FA81F00064968 /* ofxSliderGroup.cpp */ = {isa = PBXFileReference; fileEncoding = 4; lastKnownFileType = sourcecode.cpp.cpp; path = ofxSliderGroup.cpp; sourceTree = "<group>"; };
		E4E5B6CC1C7FA81F00064968 /* ofxSliderGroup.h */ = {isa = PBXFileReference; fileEncoding = 4; lastKnownFileType = sourcecode.c.h; path = ofxSliderGroup.h; sourceTree = "<group>"; };
		E4E5B6CD1C7FA81F00064968 /* ofxToggle.cpp */ = {isa = PBXFileReference; fileEncoding = 4; lastKnownFileType = sourcecode.cpp.cpp; path = ofxToggle.cpp; sourceTree = "<group>"; };
		E4E5B6CE1C7FA81F00064968 /* ofxToggle.h */ = {isa = PBXFileReference; fileEncoding = 4; lastKnownFileType = sourcecode.c.h; path = ofxToggle.h; sourceTree = "<group>"; };
		E4EB691F138AFCF100A09F29 /* CoreOF.xcconfig */ = {isa = PBXFileReference; fileEncoding = 4; lastKnownFileType = text.xcconfig; name = CoreOF.xcconfig; path = ../../../libs/openFrameworksCompiled/project/osx/CoreOF.xcconfig; sourceTree = SOURCE_ROOT; };
		E4EB6923138AFD0F00A09F29 /* Project.xcconfig */ = {isa = PBXFileReference; fileEncoding = 4; lastKnownFileType = text.xcconfig; path = Project.xcconfig; sourceTree = "<group>"; };
		E4EC23481C28535B00E06DC5 /* main.cpp */ = {isa = PBXFileReference; fileEncoding = 4; lastKnownFileType = sourcecode.cpp.cpp; path = main.cpp; sourceTree = "<group>"; };
		E4EC23491C28535B00E06DC5 /* MainApp.cpp */ = {isa = PBXFileReference; fileEncoding = 4; lastKnownFileType = sourcecode.cpp.cpp; path = MainApp.cpp; sourceTree = "<group>"; };
		E4EC234A1C28535B00E06DC5 /* MainApp.hpp */ = {isa = PBXFileReference; fileEncoding = 4; lastKnownFileType = sourcecode.cpp.h; path = MainApp.hpp; sourceTree = "<group>"; };
		E4EEF6BC1C833AF000F2A323 /* Engine.cpp */ = {isa = PBXFileReference; fileEncoding = 4; lastKnownFileType = sourcecode.cpp.cpp; path = Engine.cpp; sourceTree = "<group>"; };
		E4EEF6BD1C833AF000F2A323 /* Engine.hpp */ = {isa = PBXFileReference; fileEncoding = 4; lastKnownFileType = sourcecode.cpp.h; path = Engine.hpp; sourceTree = "<group>"; };
		E4EEF6BF1C833AF000F2A323 /* Character.cpp */ = {isa = PBXFileReference; fileEncoding = 4; lastKnownFileType = sourcecode.cpp.cpp; path = Character.cpp; sourceTree = "<group>"; };
		E4EEF6C01C833AF000F2A323 /* Character.hpp */ = {isa = PBXFileReference; fileEncoding = 4; lastKnownFileType = sourcecode.cpp.h; path = Character.hpp; sourceTree = "<group>"; };
		E4EEF6C11C833AF000F2A323 /* Function.cpp */ = {isa = PBXFileReference; fileEncoding = 4; lastKnownFileType = sourcecode.cpp.cpp; path = Function.cpp; sourceTree = "<group>"; };
		E4EEF6C21C833AF000F2A323 /* Function.hpp */ = {isa = PBXFileReference; fileEncoding = 4; lastKnownFileType = sourcecode.cpp.h; path = Function.hpp; sourceTree = "<group>"; };
		E4EEF6C31C833AF000F2A323 /* MainFunction.cpp */ = {isa = PBXFileReference; fileEncoding = 4; lastKnownFileType = sourcecode.cpp.cpp; name = MainFunction.cpp; path = ../Syntax/MainFunction.cpp; sourceTree = "<group>"; };
		E4EEF6C41C833AF000F2A323 /* MainFunction.hpp */ = {isa = PBXFileReference; fileEncoding = 4; lastKnownFileType = sourcecode.cpp.h; name = MainFunction.hpp; path = ../Syntax/MainFunction.hpp; sourceTree = "<group>"; };
		E4EEF6C51C833AF000F2A323 /* Type.cpp */ = {isa = PBXFileReference; fileEncoding = 4; lastKnownFileType = sourcecode.cpp.cpp; path = Type.cpp; sourceTree = "<group>"; };
		E4EEF6C61C833AF000F2A323 /* Type.hpp */ = {isa = PBXFileReference; fileEncoding = 4; lastKnownFileType = sourcecode.cpp.h; path = Type.hpp; sourceTree = "<group>"; };
		E4EEF6C81C833AF000F2A323 /* ModuleType.cpp */ = {isa = PBXFileReference; fileEncoding = 4; lastKnownFileType = sourcecode.cpp.cpp; path = ModuleType.cpp; sourceTree = "<group>"; };
		E4EEF6C91C833AF000F2A323 /* ModuleType.hpp */ = {isa = PBXFileReference; fileEncoding = 4; lastKnownFileType = sourcecode.cpp.h; path = ModuleType.hpp; sourceTree = "<group>"; };
		E4EEF6CA1C833AF000F2A323 /* NumberType.cpp */ = {isa = PBXFileReference; fileEncoding = 4; lastKnownFileType = sourcecode.cpp.cpp; path = NumberType.cpp; sourceTree = "<group>"; };
		E4EEF6CB1C833AF000F2A323 /* NumberType.hpp */ = {isa = PBXFileReference; fileEncoding = 4; lastKnownFileType = sourcecode.cpp.h; path = NumberType.hpp; sourceTree = "<group>"; };
		E4EEF6D41C8344EC00F2A323 /* BufferType.cpp */ = {isa = PBXFileReference; fileEncoding = 4; lastKnownFileType = sourcecode.cpp.cpp; path = BufferType.cpp; sourceTree = "<group>"; };
		E4EEF6D51C8344EC00F2A323 /* BufferType.hpp */ = {isa = PBXFileReference; fileEncoding = 4; lastKnownFileType = sourcecode.cpp.h; path = BufferType.hpp; sourceTree = "<group>"; };
		E4EEF6DA1C8345B700F2A323 /* Types.h */ = {isa = PBXFileReference; fileEncoding = 4; lastKnownFileType = sourcecode.c.h; path = Types.h; sourceTree = "<group>"; };
		E4EEF6DC1C8349F200F2A323 /* ModuleFunction.cpp */ = {isa = PBXFileReference; fileEncoding = 4; lastKnownFileType = sourcecode.cpp.cpp; path = ModuleFunction.cpp; sourceTree = "<group>"; };
		E4EEF6DD1C8349F200F2A323 /* ModuleFunction.hpp */ = {isa = PBXFileReference; fileEncoding = 4; lastKnownFileType = sourcecode.cpp.h; path = ModuleFunction.hpp; sourceTree = "<group>"; };
		E4EEF6DF1C834A0400F2A323 /* BufferFunction.cpp */ = {isa = PBXFileReference; fileEncoding = 4; lastKnownFileType = sourcecode.cpp.cpp; path = BufferFunction.cpp; sourceTree = "<group>"; };
		E4EEF6E01C834A0400F2A323 /* BufferFunction.hpp */ = {isa = PBXFileReference; fileEncoding = 4; lastKnownFileType = sourcecode.cpp.h; path = BufferFunction.hpp; sourceTree = "<group>"; };
		E4EEF6E21C83BE5F00F2A323 /* Module.cpp */ = {isa = PBXFileReference; fileEncoding = 4; lastKnownFileType = sourcecode.cpp.cpp; path = Module.cpp; sourceTree = "<group>"; };
		E4EEF6E31C83BE5F00F2A323 /* Module.hpp */ = {isa = PBXFileReference; fileEncoding = 4; lastKnownFileType = sourcecode.cpp.h; path = Module.hpp; sourceTree = "<group>"; };
/* End PBXFileReference section */

/* Begin PBXFrameworksBuildPhase section */
		E4B69B590A3A1756003C02F2 /* Frameworks */ = {
			isa = PBXFrameworksBuildPhase;
			buildActionMask = 2147483647;
			files = (
				E4328149138ABC9F0047C5CB /* openFrameworksDebug.a in Frameworks */,
			);
			runOnlyForDeploymentPostprocessing = 0;
		};
/* End PBXFrameworksBuildPhase section */

/* Begin PBXGroup section */
		6948EE371B920CB800B5AC1A /* local_addons */ = {
			isa = PBXGroup;
			children = (
			);
			name = local_addons;
			sourceTree = "<group>";
		};
		BB4B014C10F69532006C3DED /* addons */ = {
			isa = PBXGroup;
			children = (
				E4E5B6BC1C7FA81F00064968 /* ofxGui */,
				E4E5B6871C7FA78C00064968 /* ofxGuiExtended */,
			);
			name = addons;
			sourceTree = "<group>";
		};
		E4328144138ABC890047C5CB /* Products */ = {
			isa = PBXGroup;
			children = (
				E4328148138ABC890047C5CB /* openFrameworksDebug.a */,
			);
			name = Products;
			sourceTree = "<group>";
		};
		E4B69B4A0A3A1720003C02F2 = {
			isa = PBXGroup;
			children = (
				E4B6FCAD0C3E899E008CF71C /* openFrameworks-Info.plist */,
				E4EB6923138AFD0F00A09F29 /* Project.xcconfig */,
				E4B69E1C0A3A1BDC003C02F2 /* src */,
				E4EEC9E9138DF44700A80321 /* openFrameworks */,
				BB4B014C10F69532006C3DED /* addons */,
				6948EE371B920CB800B5AC1A /* local_addons */,
				E4B69B5B0A3A1756003C02F2 /* BassLive 2.0Debug.app */,
			);
			sourceTree = "<group>";
		};
		E4B69E1C0A3A1BDC003C02F2 /* src */ = {
			isa = PBXGroup;
			children = (
				E4EC23471C28535B00E06DC5 /* Main */,
				E4EEF6B91C833AF000F2A323 /* Engine */,
				E4EEF6BE1C833AF000F2A323 /* Syntax */,
				E4EEF6C71C833AF000F2A323 /* Types */,
				E4E5B66D1C7F9EFB00064968 /* Modules */,
			);
			path = src;
			sourceTree = SOURCE_ROOT;
		};
		E4E5B66D1C7F9EFB00064968 /* Modules */ = {
			isa = PBXGroup;
			children = (
				E4E5B6741C7F9EFB00064968 /* Modules.h */,
				E4EEF6E21C83BE5F00F2A323 /* Module.cpp */,
				E4EEF6E31C83BE5F00F2A323 /* Module.hpp */,
				E4E5B6721C7F9EFB00064968 /* BasicModules.cpp */,
				E4E5B6731C7F9EFB00064968 /* BasicModules.hpp */,
			);
			path = Modules;
			sourceTree = "<group>";
		};
		E4E5B6871C7FA78C00064968 /* ofxGuiExtended */ = {
			isa = PBXGroup;
			children = (
				E4E5B6881C7FA78C00064968 /* README.md */,
				E4E5B6891C7FA78C00064968 /* src */,
			);
			name = ofxGuiExtended;
			path = ../../../addons_b/ofxGuiExtended;
			sourceTree = "<group>";
		};
		E4E5B6891C7FA78C00064968 /* src */ = {
			isa = PBXGroup;
			children = (
				E4E5B68A1C7FA78C00064968 /* ofxFpsPlotter.cpp */,
				E4E5B68B1C7FA78C00064968 /* ofxFpsPlotter.h */,
				E4E5B68C1C7FA78C00064968 /* ofxGuiBaseDraws.cpp */,
				E4E5B68D1C7FA78C00064968 /* ofxGuiBaseDraws.h */,
				E4E5B68E1C7FA78C00064968 /* ofxGuiExtended.h */,
				E4E5B68F1C7FA78C00064968 /* ofxGuiGroupExtended.cpp */,
				E4E5B6901C7FA78C00064968 /* ofxGuiGroupExtended.h */,
				E4E5B6911C7FA78C00064968 /* ofxGuiMatrix.cpp */,
				E4E5B6921C7FA78C00064968 /* ofxGuiMatrix.h */,
				E4E5B6931C7FA78C00064968 /* ofxGuiPage.cpp */,
				E4E5B6941C7FA78C00064968 /* ofxGuiPage.h */,
				E4E5B6951C7FA78C00064968 /* ofxGuiSpacer.cpp */,
				E4E5B6961C7FA78C00064968 /* ofxGuiSpacer.h */,
				E4E5B6971C7FA78C00064968 /* ofxGuiZoomableBaseDraws.cpp */,
				E4E5B6981C7FA78C00064968 /* ofxGuiZoomableBaseDraws.h */,
				E4E5B6991C7FA78C00064968 /* ofxLabelExtended.cpp */,
				E4E5B69A1C7FA78C00064968 /* ofxLabelExtended.h */,
				E4E5B69B1C7FA78C00064968 /* ofxMasterSlaveControl.cpp */,
				E4E5B69C1C7FA78C00064968 /* ofxMasterSlaveControl.h */,
				E4E5B69D1C7FA78C00064968 /* ofxMinimalButton.cpp */,
				E4E5B69E1C7FA78C00064968 /* ofxMinimalButton.h */,
				E4E5B69F1C7FA78C00064968 /* ofxMinimalToggle.cpp */,
				E4E5B6A01C7FA78C00064968 /* ofxMinimalToggle.h */,
				E4E5B6A11C7FA78C00064968 /* ofxPanelExtended.cpp */,
				E4E5B6A21C7FA78C00064968 /* ofxPanelExtended.h */,
				E4E5B6A31C7FA78C00064968 /* ofxRotarySlider.cpp */,
				E4E5B6A41C7FA78C00064968 /* ofxRotarySlider.h */,
				E4E5B6A51C7FA78C00064968 /* ofxTabbedPages.cpp */,
				E4E5B6A61C7FA78C00064968 /* ofxTabbedPages.h */,
				E4E5B6A71C7FA78C00064968 /* ofxValuePlotter.cpp */,
				E4E5B6A81C7FA78C00064968 /* ofxValuePlotter.h */,
				E4E5B6A91C7FA78C00064968 /* ofxVerticalSlider.cpp */,
				E4E5B6AA1C7FA78C00064968 /* ofxVerticalSlider.h */,
			);
			path = src;
			sourceTree = "<group>";
		};
		E4E5B6BC1C7FA81F00064968 /* ofxGui */ = {
			isa = PBXGroup;
			children = (
				E4E5B6BD1C7FA81F00064968 /* src */,
			);
			name = ofxGui;
			path = ../../../addons/ofxGui;
			sourceTree = "<group>";
		};
		E4E5B6BD1C7FA81F00064968 /* src */ = {
			isa = PBXGroup;
			children = (
				E4E5B6BE1C7FA81F00064968 /* ofxBaseGui.cpp */,
				E4E5B6BF1C7FA81F00064968 /* ofxBaseGui.h */,
				E4E5B6C01C7FA81F00064968 /* ofxButton.cpp */,
				E4E5B6C11C7FA81F00064968 /* ofxButton.h */,
				E4E5B6C21C7FA81F00064968 /* ofxGui.h */,
				E4E5B6C31C7FA81F00064968 /* ofxGuiGroup.cpp */,
				E4E5B6C41C7FA81F00064968 /* ofxGuiGroup.h */,
				E4E5B6C51C7FA81F00064968 /* ofxLabel.cpp */,
				E4E5B6C61C7FA81F00064968 /* ofxLabel.h */,
				E4E5B6C71C7FA81F00064968 /* ofxPanel.cpp */,
				E4E5B6C81C7FA81F00064968 /* ofxPanel.h */,
				E4E5B6C91C7FA81F00064968 /* ofxSlider.cpp */,
				E4E5B6CA1C7FA81F00064968 /* ofxSlider.h */,
				E4E5B6CB1C7FA81F00064968 /* ofxSliderGroup.cpp */,
				E4E5B6CC1C7FA81F00064968 /* ofxSliderGroup.h */,
				E4E5B6CD1C7FA81F00064968 /* ofxToggle.cpp */,
				E4E5B6CE1C7FA81F00064968 /* ofxToggle.h */,
			);
			path = src;
			sourceTree = "<group>";
		};
		E4EC23471C28535B00E06DC5 /* Main */ = {
			isa = PBXGroup;
			children = (
				E4EC23481C28535B00E06DC5 /* main.cpp */,
				E4EC23491C28535B00E06DC5 /* MainApp.cpp */,
				E4EC234A1C28535B00E06DC5 /* MainApp.hpp */,
			);
			path = Main;
			sourceTree = "<group>";
		};
		E4EEC9E9138DF44700A80321 /* openFrameworks */ = {
			isa = PBXGroup;
			children = (
				E4EB691F138AFCF100A09F29 /* CoreOF.xcconfig */,
				E4328143138ABC890047C5CB /* openFrameworksLib.xcodeproj */,
			);
			name = openFrameworks;
			sourceTree = "<group>";
		};
		E4EEF6B91C833AF000F2A323 /* Engine */ = {
			isa = PBXGroup;
			children = (
				E4EEF6BC1C833AF000F2A323 /* Engine.cpp */,
				E4EEF6BD1C833AF000F2A323 /* Engine.hpp */,
			);
			path = Engine;
			sourceTree = "<group>";
		};
		E4EEF6BE1C833AF000F2A323 /* Syntax */ = {
			isa = PBXGroup;
			children = (
				E4EEF6BF1C833AF000F2A323 /* Character.cpp */,
				E4EEF6C01C833AF000F2A323 /* Character.hpp */,
				E4EEF6C51C833AF000F2A323 /* Type.cpp */,
				E4EEF6C61C833AF000F2A323 /* Type.hpp */,
				E4EEF6C11C833AF000F2A323 /* Function.cpp */,
				E4EEF6C21C833AF000F2A323 /* Function.hpp */,
			);
			path = Syntax;
			sourceTree = "<group>";
		};
		E4EEF6C71C833AF000F2A323 /* Types */ = {
			isa = PBXGroup;
			children = (
				E4EEF6DA1C8345B700F2A323 /* Types.h */,
				E4EEF6CA1C833AF000F2A323 /* NumberType.cpp */,
				E4EEF6CB1C833AF000F2A323 /* NumberType.hpp */,
				E4EEF6C81C833AF000F2A323 /* ModuleType.cpp */,
				E4EEF6C91C833AF000F2A323 /* ModuleType.hpp */,
				E4EEF6D41C8344EC00F2A323 /* BufferType.cpp */,
				E4EEF6D51C8344EC00F2A323 /* BufferType.hpp */,
				E4EEF6DC1C8349F200F2A323 /* ModuleFunction.cpp */,
				E4EEF6DD1C8349F200F2A323 /* ModuleFunction.hpp */,
				E4EEF6DF1C834A0400F2A323 /* BufferFunction.cpp */,
				E4EEF6E01C834A0400F2A323 /* BufferFunction.hpp */,
				E4EEF6C31C833AF000F2A323 /* MainFunction.cpp */,
				E4EEF6C41C833AF000F2A323 /* MainFunction.hpp */,
			);
			path = Types;
			sourceTree = "<group>";
		};
/* End PBXGroup section */

/* Begin PBXNativeTarget section */
		E4B69B5A0A3A1756003C02F2 /* BassLive 2.0 */ = {
			isa = PBXNativeTarget;
			buildConfigurationList = E4B69B5F0A3A1757003C02F2 /* Build configuration list for PBXNativeTarget "BassLive 2.0" */;
			buildPhases = (
				E4B69B580A3A1756003C02F2 /* Sources */,
				E4B69B590A3A1756003C02F2 /* Frameworks */,
				E4B6FFFD0C3F9AB9008CF71C /* ShellScript */,
				E4C2427710CC5ABF004149E2 /* CopyFiles */,
			);
			buildRules = (
			);
			dependencies = (
				E4EEB9AC138B136A00A80321 /* PBXTargetDependency */,
			);
			name = "BassLive 2.0";
			productName = myOFApp;
			productReference = E4B69B5B0A3A1756003C02F2 /* BassLive 2.0Debug.app */;
			productType = "com.apple.product-type.application";
		};
/* End PBXNativeTarget section */

/* Begin PBXProject section */
		E4B69B4C0A3A1720003C02F2 /* Project object */ = {
			isa = PBXProject;
			attributes = {
				LastUpgradeCheck = 0600;
			};
			buildConfigurationList = E4B69B4D0A3A1720003C02F2 /* Build configuration list for PBXProject "BassLive 2.0" */;
			compatibilityVersion = "Xcode 3.2";
			developmentRegion = English;
			hasScannedForEncodings = 0;
			knownRegions = (
				English,
				Japanese,
				French,
				German,
			);
			mainGroup = E4B69B4A0A3A1720003C02F2;
			productRefGroup = E4B69B4A0A3A1720003C02F2;
			projectDirPath = "";
			projectReferences = (
				{
					ProductGroup = E4328144138ABC890047C5CB /* Products */;
					ProjectRef = E4328143138ABC890047C5CB /* openFrameworksLib.xcodeproj */;
				},
			);
			projectRoot = "";
			targets = (
				E4B69B5A0A3A1756003C02F2 /* BassLive 2.0 */,
			);
		};
/* End PBXProject section */

/* Begin PBXReferenceProxy section */
		E4328148138ABC890047C5CB /* openFrameworksDebug.a */ = {
			isa = PBXReferenceProxy;
			fileType = archive.ar;
			path = openFrameworksDebug.a;
			remoteRef = E4328147138ABC890047C5CB /* PBXContainerItemProxy */;
			sourceTree = BUILT_PRODUCTS_DIR;
		};
/* End PBXReferenceProxy section */

/* Begin PBXShellScriptBuildPhase section */
		E4B6FFFD0C3F9AB9008CF71C /* ShellScript */ = {
			isa = PBXShellScriptBuildPhase;
			buildActionMask = 2147483647;
			files = (
			);
			inputPaths = (
			);
			outputPaths = (
			);
			runOnlyForDeploymentPostprocessing = 0;
			shellPath = /bin/sh;
			shellScript = "rsync -aved ../../../libs/fmodex/lib/osx/libfmodex.dylib \"$TARGET_BUILD_DIR/$PRODUCT_NAME.app/Contents/MacOS/\"; install_name_tool -change ./libfmodex.dylib @executable_path/libfmodex.dylib \"$TARGET_BUILD_DIR/$PRODUCT_NAME.app/Contents/MacOS/$PRODUCT_NAME\";\nmkdir -p \"$TARGET_BUILD_DIR/$PRODUCT_NAME.app/Contents/Resources/\"\nrsync -aved \"$ICON_FILE\" \"$TARGET_BUILD_DIR/$PRODUCT_NAME.app/Contents/Resources/\"\nrsync -aved ../../../libs/glut/lib/osx/GLUT.framework \"$TARGET_BUILD_DIR/$PRODUCT_NAME.app/Contents/Frameworks/\"\n";
		};
/* End PBXShellScriptBuildPhase section */

/* Begin PBXSourcesBuildPhase section */
		E4B69B580A3A1756003C02F2 /* Sources */ = {
			isa = PBXSourcesBuildPhase;
			buildActionMask = 2147483647;
			files = (
				E4E5B6B61C7FA78C00064968 /* ofxMinimalToggle.cpp in Sources */,
				E4E5B6B41C7FA78C00064968 /* ofxMasterSlaveControl.cpp in Sources */,
				E4E5B6B01C7FA78C00064968 /* ofxGuiPage.cpp in Sources */,
				E4EEF6CE1C833AF000F2A323 /* Character.cpp in Sources */,
				E4E5B6B91C7FA78C00064968 /* ofxTabbedPages.cpp in Sources */,
				E4EEF6CD1C833AF000F2A323 /* Engine.cpp in Sources */,
				E4E5B6B71C7FA78C00064968 /* ofxPanelExtended.cpp in Sources */,
				E4E5B6AF1C7FA78C00064968 /* ofxGuiMatrix.cpp in Sources */,
				E4E5B6BA1C7FA78C00064968 /* ofxValuePlotter.cpp in Sources */,
				E4E5B6AD1C7FA78C00064968 /* ofxGuiBaseDraws.cpp in Sources */,
				E4EEF6DE1C8349F200F2A323 /* ModuleFunction.cpp in Sources */,
				E4E5B6D31C7FA81F00064968 /* ofxPanel.cpp in Sources */,
				E4EEF6E11C834A0400F2A323 /* BufferFunction.cpp in Sources */,
				E4E5B6AB1C7FA78C00064968 /* README.md in Sources */,
				E4EEF6D21C833AF000F2A323 /* ModuleType.cpp in Sources */,
				E4EEF6D11C833AF000F2A323 /* Type.cpp in Sources */,
				E4EEF6D01C833AF000F2A323 /* MainFunction.cpp in Sources */,
				E4E5B6D51C7FA81F00064968 /* ofxSliderGroup.cpp in Sources */,
				E4E5B6BB1C7FA78C00064968 /* ofxVerticalSlider.cpp in Sources */,
				E4E5B6B31C7FA78C00064968 /* ofxLabelExtended.cpp in Sources */,
				E4E5B6D21C7FA81F00064968 /* ofxLabel.cpp in Sources */,
				E4EEF6D61C8344EC00F2A323 /* BufferType.cpp in Sources */,
				E4E5B6AE1C7FA78C00064968 /* ofxGuiGroupExtended.cpp in Sources */,
				E4E5B6D01C7FA81F00064968 /* ofxButton.cpp in Sources */,
				E4EC234C1C28535B00E06DC5 /* MainApp.cpp in Sources */,
				E4EC234B1C28535B00E06DC5 /* main.cpp in Sources */,
				E4EEF6E51C83DF7C00F2A323 /* BasicModules.cpp in Sources */,
				E4E5B6D11C7FA81F00064968 /* ofxGuiGroup.cpp in Sources */,
				E4E5B6B11C7FA78C00064968 /* ofxGuiSpacer.cpp in Sources */,
				E4E5B6B21C7FA78C00064968 /* ofxGuiZoomableBaseDraws.cpp in Sources */,
				E4EEF6D31C833AF000F2A323 /* NumberType.cpp in Sources */,
				E4E5B6B81C7FA78C00064968 /* ofxRotarySlider.cpp in Sources */,
				E4EEF6CF1C833AF000F2A323 /* Function.cpp in Sources */,
				E4E5B6B51C7FA78C00064968 /* ofxMinimalButton.cpp in Sources */,
				E4EEF6E41C83BE5F00F2A323 /* Module.cpp in Sources */,
				E4E5B6AC1C7FA78C00064968 /* ofxFpsPlotter.cpp in Sources */,
				E4E5B6CF1C7FA81F00064968 /* ofxBaseGui.cpp in Sources */,
				E4E5B6D61C7FA81F00064968 /* ofxToggle.cpp in Sources */,
				E4E5B6D41C7FA81F00064968 /* ofxSlider.cpp in Sources */,
			);
			runOnlyForDeploymentPostprocessing = 0;
		};
/* End PBXSourcesBuildPhase section */

/* Begin PBXTargetDependency section */
		E4EEB9AC138B136A00A80321 /* PBXTargetDependency */ = {
			isa = PBXTargetDependency;
			name = openFrameworks;
			targetProxy = E4EEB9AB138B136A00A80321 /* PBXContainerItemProxy */;
		};
/* End PBXTargetDependency section */

/* Begin XCBuildConfiguration section */
		E4B69B4E0A3A1720003C02F2 /* Debug */ = {
			isa = XCBuildConfiguration;
			baseConfigurationReference = E4EB6923138AFD0F00A09F29 /* Project.xcconfig */;
			buildSettings = {
				CONFIGURATION_BUILD_DIR = "$(SRCROOT)/bin/";
				COPY_PHASE_STRIP = NO;
				DEAD_CODE_STRIPPING = YES;
				GCC_AUTO_VECTORIZATION = YES;
				GCC_ENABLE_SSE3_EXTENSIONS = YES;
				GCC_ENABLE_SUPPLEMENTAL_SSE3_INSTRUCTIONS = YES;
				GCC_INLINES_ARE_PRIVATE_EXTERN = NO;
				GCC_OPTIMIZATION_LEVEL = 0;
				GCC_SYMBOLS_PRIVATE_EXTERN = NO;
				GCC_WARN_ABOUT_DEPRECATED_FUNCTIONS = YES;
				GCC_WARN_ABOUT_INVALID_OFFSETOF_MACRO = NO;
				GCC_WARN_ALLOW_INCOMPLETE_PROTOCOL = NO;
				GCC_WARN_UNINITIALIZED_AUTOS = NO;
				GCC_WARN_UNUSED_VALUE = NO;
				GCC_WARN_UNUSED_VARIABLE = NO;
				HEADER_SEARCH_PATHS = (
					"$(OF_CORE_HEADERS)",
					src,
				);
				OTHER_CPLUSPLUSFLAGS = (
					"-D__MACOSX_CORE__",
					"-mtune=native",
				);
				SDKROOT = macosx10.7;
			};
			name = Debug;
		};
		E4B69B4F0A3A1720003C02F2 /* Release */ = {
			isa = XCBuildConfiguration;
			baseConfigurationReference = E4EB6923138AFD0F00A09F29 /* Project.xcconfig */;
			buildSettings = {
				CONFIGURATION_BUILD_DIR = "$(SRCROOT)/bin/";
				COPY_PHASE_STRIP = YES;
				DEAD_CODE_STRIPPING = YES;
				GCC_AUTO_VECTORIZATION = YES;
				GCC_ENABLE_SSE3_EXTENSIONS = YES;
				GCC_ENABLE_SUPPLEMENTAL_SSE3_INSTRUCTIONS = YES;
				GCC_INLINES_ARE_PRIVATE_EXTERN = NO;
				GCC_OPTIMIZATION_LEVEL = 3;
				GCC_SYMBOLS_PRIVATE_EXTERN = NO;
				GCC_UNROLL_LOOPS = YES;
				GCC_WARN_ABOUT_DEPRECATED_FUNCTIONS = YES;
				GCC_WARN_ABOUT_INVALID_OFFSETOF_MACRO = NO;
				GCC_WARN_ALLOW_INCOMPLETE_PROTOCOL = NO;
				GCC_WARN_UNINITIALIZED_AUTOS = NO;
				GCC_WARN_UNUSED_VALUE = NO;
				GCC_WARN_UNUSED_VARIABLE = NO;
				HEADER_SEARCH_PATHS = (
					"$(OF_CORE_HEADERS)",
					src,
				);
				OTHER_CPLUSPLUSFLAGS = (
					"-D__MACOSX_CORE__",
					"-mtune=native",
				);
				SDKROOT = macosx10.7;
			};
			name = Release;
		};
		E4B69B600A3A1757003C02F2 /* Debug */ = {
			isa = XCBuildConfiguration;
			baseConfigurationReference = E4EB6923138AFD0F00A09F29 /* Project.xcconfig */;
			buildSettings = {
				COMBINE_HIDPI_IMAGES = YES;
				COPY_PHASE_STRIP = NO;
				FRAMEWORK_SEARCH_PATHS = (
					"$(inherited)",
					"$(FRAMEWORK_SEARCH_PATHS_QUOTED_FOR_TARGET_1)",
				);
				FRAMEWORK_SEARCH_PATHS_QUOTED_FOR_TARGET_1 = "\"$(SRCROOT)/../../../libs/glut/lib/osx\"";
				GCC_DYNAMIC_NO_PIC = NO;
				GCC_GENERATE_DEBUGGING_SYMBOLS = YES;
				GCC_MODEL_TUNING = NONE;
				HEADER_SEARCH_PATHS = (
					"$(OF_CORE_HEADERS)",
					src,
				);
				ICON = "$(ICON_NAME_DEBUG)";
				ICON_FILE = "$(ICON_FILE_PATH)$(ICON)";
				INFOPLIST_FILE = "openFrameworks-Info.plist";
				INSTALL_PATH = "$(HOME)/Applications";
				LIBRARY_SEARCH_PATHS = "$(inherited)";
				PRODUCT_NAME = "BassLive 2.0Debug";
				WRAPPER_EXTENSION = app;
			};
			name = Debug;
		};
		E4B69B610A3A1757003C02F2 /* Release */ = {
			isa = XCBuildConfiguration;
			baseConfigurationReference = E4EB6923138AFD0F00A09F29 /* Project.xcconfig */;
			buildSettings = {
				COMBINE_HIDPI_IMAGES = YES;
				COPY_PHASE_STRIP = YES;
				FRAMEWORK_SEARCH_PATHS = (
					"$(inherited)",
					"$(FRAMEWORK_SEARCH_PATHS_QUOTED_FOR_TARGET_1)",
				);
				FRAMEWORK_SEARCH_PATHS_QUOTED_FOR_TARGET_1 = "\"$(SRCROOT)/../../../libs/glut/lib/osx\"";
				GCC_GENERATE_DEBUGGING_SYMBOLS = YES;
				GCC_MODEL_TUNING = NONE;
				HEADER_SEARCH_PATHS = (
					"$(OF_CORE_HEADERS)",
					src,
				);
				ICON = "$(ICON_NAME_RELEASE)";
				ICON_FILE = "$(ICON_FILE_PATH)$(ICON)";
				INFOPLIST_FILE = "openFrameworks-Info.plist";
				INSTALL_PATH = "$(HOME)/Applications";
				LIBRARY_SEARCH_PATHS = "$(inherited)";
				PRODUCT_NAME = "BassLive 2.0Debug";
				WRAPPER_EXTENSION = app;
				baseConfigurationReference = E4EB6923138AFD0F00A09F29;
			};
			name = Release;
		};
/* End XCBuildConfiguration section */

/* Begin XCConfigurationList section */
		E4B69B4D0A3A1720003C02F2 /* Build configuration list for PBXProject "BassLive 2.0" */ = {
			isa = XCConfigurationList;
			buildConfigurations = (
				E4B69B4E0A3A1720003C02F2 /* Debug */,
				E4B69B4F0A3A1720003C02F2 /* Release */,
			);
			defaultConfigurationIsVisible = 0;
			defaultConfigurationName = Release;
		};
		E4B69B5F0A3A1757003C02F2 /* Build configuration list for PBXNativeTarget "BassLive 2.0" */ = {
			isa = XCConfigurationList;
			buildConfigurations = (
				E4B69B600A3A1757003C02F2 /* Debug */,
				E4B69B610A3A1757003C02F2 /* Release */,
			);
			defaultConfigurationIsVisible = 0;
			defaultConfigurationName = Release;
		};
/* End XCConfigurationList section */
	};
	rootObject = E4B69B4C0A3A1720003C02F2 /* Project object */;
}
